// !$*UTF8*$!
{
	archiveVersion = 1;
	classes = {
	};
	objectVersion = 46;
	objects = {

/* Begin PBXBuildFile section */
		58DE41EF1A5F25C000F66D3B /* AppDelegate.swift in Sources */ = {isa = PBXBuildFile; fileRef = 58DE41EE1A5F25C000F66D3B /* AppDelegate.swift */; };
		58DE41F11A5F25C000F66D3B /* ViewController.swift in Sources */ = {isa = PBXBuildFile; fileRef = 58DE41F01A5F25C000F66D3B /* ViewController.swift */; };
		58DE41F41A5F25C000F66D3B /* Main.storyboard in Resources */ = {isa = PBXBuildFile; fileRef = 58DE41F21A5F25C000F66D3B /* Main.storyboard */; };
		58DE41F61A5F25C000F66D3B /* Images.xcassets in Resources */ = {isa = PBXBuildFile; fileRef = 58DE41F51A5F25C000F66D3B /* Images.xcassets */; };
		58DE41F91A5F25C000F66D3B /* LaunchScreen.xib in Resources */ = {isa = PBXBuildFile; fileRef = 58DE41F71A5F25C000F66D3B /* LaunchScreen.xib */; };
		58DE42051A5F25C000F66D3B /* SwiftFbTests.swift in Sources */ = {isa = PBXBuildFile; fileRef = 58DE42041A5F25C000F66D3B /* SwiftFbTests.swift */; };
		58DE420F1A5F272700F66D3B /* FacebookSDK.framework in Frameworks */ = {isa = PBXBuildFile; fileRef = 58DE420E1A5F272700F66D3B /* FacebookSDK.framework */; };
/* End PBXBuildFile section */

/* Begin PBXContainerItemProxy section */
		58DE41FF1A5F25C000F66D3B /* PBXContainerItemProxy */ = {
			isa = PBXContainerItemProxy;
			containerPortal = 58DE41E11A5F25C000F66D3B /* Project object */;
			proxyType = 1;
			remoteGlobalIDString = 58DE41E81A5F25C000F66D3B;
			remoteInfo = SwiftFb;
		};
/* End PBXContainerItemProxy section */

/* Begin PBXFileReference section */
		58DE41E91A5F25C000F66D3B /* SwiftFb.app */ = {isa = PBXFileReference; explicitFileType = wrapper.application; includeInIndex = 0; path = SwiftFb.app; sourceTree = BUILT_PRODUCTS_DIR; };
		58DE41ED1A5F25C000F66D3B /* Info.plist */ = {isa = PBXFileReference; lastKnownFileType = text.plist.xml; path = Info.plist; sourceTree = "<group>"; };
		58DE41EE1A5F25C000F66D3B /* AppDelegate.swift */ = {isa = PBXFileReference; lastKnownFileType = sourcecode.swift; path = AppDelegate.swift; sourceTree = "<group>"; };
		58DE41F01A5F25C000F66D3B /* ViewController.swift */ = {isa = PBXFileReference; lastKnownFileType = sourcecode.swift; path = ViewController.swift; sourceTree = "<group>"; };
		58DE41F31A5F25C000F66D3B /* Base */ = {isa = PBXFileReference; lastKnownFileType = file.storyboard; name = Base; path = Base.lproj/Main.storyboard; sourceTree = "<group>"; };
		58DE41F51A5F25C000F66D3B /* Images.xcassets */ = {isa = PBXFileReference; lastKnownFileType = folder.assetcatalog; path = Images.xcassets; sourceTree = "<group>"; };
		58DE41F81A5F25C000F66D3B /* Base */ = {isa = PBXFileReference; lastKnownFileType = file.xib; name = Base; path = Base.lproj/LaunchScreen.xib; sourceTree = "<group>"; };
		58DE41FE1A5F25C000F66D3B /* SwiftFbTests.xctest */ = {isa = PBXFileReference; explicitFileType = wrapper.cfbundle; includeInIndex = 0; path = SwiftFbTests.xctest; sourceTree = BUILT_PRODUCTS_DIR; };
		58DE42031A5F25C000F66D3B /* Info.plist */ = {isa = PBXFileReference; lastKnownFileType = text.plist.xml; path = Info.plist; sourceTree = "<group>"; };
		58DE42041A5F25C000F66D3B /* SwiftFbTests.swift */ = {isa = PBXFileReference; lastKnownFileType = sourcecode.swift; path = SwiftFbTests.swift; sourceTree = "<group>"; };
		58DE420E1A5F272700F66D3B /* FacebookSDK.framework */ = {isa = PBXFileReference; lastKnownFileType = wrapper.framework; name = FacebookSDK.framework; path = ../../../Documents/FacebookSDK/FacebookSDK.framework; sourceTree = "<group>"; };
		58DE42111A5F2F9800F66D3B /* Bridge-header.h */ = {isa = PBXFileReference; lastKnownFileType = sourcecode.c.h; path = "Bridge-header.h"; sourceTree = "<group>"; };
/* End PBXFileReference section */

/* Begin PBXFrameworksBuildPhase section */
		58DE41E61A5F25C000F66D3B /* Frameworks */ = {
			isa = PBXFrameworksBuildPhase;
			buildActionMask = 2147483647;
			files = (
				58DE420F1A5F272700F66D3B /* FacebookSDK.framework in Frameworks */,
			);
			runOnlyForDeploymentPostprocessing = 0;
		};
		58DE41FB1A5F25C000F66D3B /* Frameworks */ = {
			isa = PBXFrameworksBuildPhase;
			buildActionMask = 2147483647;
			files = (
			);
			runOnlyForDeploymentPostprocessing = 0;
		};
/* End PBXFrameworksBuildPhase section */

/* Begin PBXGroup section */
		58DE41E01A5F25C000F66D3B = {
			isa = PBXGroup;
			children = (
				58DE41EB1A5F25C000F66D3B /* SwiftFb */,
				58DE42011A5F25C000F66D3B /* SwiftFbTests */,
				58DE41EA1A5F25C000F66D3B /* Products */,
				58DE42101A5F280800F66D3B /* Frameworks */,
			);
			sourceTree = "<group>";
		};
		58DE41EA1A5F25C000F66D3B /* Products */ = {
			isa = PBXGroup;
			children = (
				58DE41E91A5F25C000F66D3B /* SwiftFb.app */,
				58DE41FE1A5F25C000F66D3B /* SwiftFbTests.xctest */,
			);
			name = Products;
			sourceTree = "<group>";
		};
		58DE41EB1A5F25C000F66D3B /* SwiftFb */ = {
			isa = PBXGroup;
			children = (
				58DE41EE1A5F25C000F66D3B /* AppDelegate.swift */,
				58DE41F01A5F25C000F66D3B /* ViewController.swift */,
				58DE41F21A5F25C000F66D3B /* Main.storyboard */,
				58DE41F51A5F25C000F66D3B /* Images.xcassets */,
				58DE41F71A5F25C000F66D3B /* LaunchScreen.xib */,
				58DE42111A5F2F9800F66D3B /* Bridge-header.h */,
				58DE41EC1A5F25C000F66D3B /* Supporting Files */,
			);
			path = SwiftFb;
			sourceTree = "<group>";
		};
		58DE41EC1A5F25C000F66D3B /* Supporting Files */ = {
			isa = PBXGroup;
			children = (
				58DE41ED1A5F25C000F66D3B /* Info.plist */,
			);
			name = "Supporting Files";
			sourceTree = "<group>";
		};
		58DE42011A5F25C000F66D3B /* SwiftFbTests */ = {
			isa = PBXGroup;
			children = (
				58DE42041A5F25C000F66D3B /* SwiftFbTests.swift */,
				58DE42021A5F25C000F66D3B /* Supporting Files */,
			);
			path = SwiftFbTests;
			sourceTree = "<group>";
		};
		58DE42021A5F25C000F66D3B /* Supporting Files */ = {
			isa = PBXGroup;
			children = (
				58DE42031A5F25C000F66D3B /* Info.plist */,
			);
			name = "Supporting Files";
			sourceTree = "<group>";
		};
		58DE42101A5F280800F66D3B /* Frameworks */ = {
			isa = PBXGroup;
			children = (
				58DE420E1A5F272700F66D3B /* FacebookSDK.framework */,
			);
			name = Frameworks;
			path = SwiftFb;
			sourceTree = "<group>";
		};
/* End PBXGroup section */

/* Begin PBXNativeTarget section */
		58DE41E81A5F25C000F66D3B /* SwiftFb */ = {
			isa = PBXNativeTarget;
			buildConfigurationList = 58DE42081A5F25C000F66D3B /* Build configuration list for PBXNativeTarget "SwiftFb" */;
			buildPhases = (
				58DE41E51A5F25C000F66D3B /* Sources */,
				58DE41E61A5F25C000F66D3B /* Frameworks */,
				58DE41E71A5F25C000F66D3B /* Resources */,
			);
			buildRules = (
			);
			dependencies = (
			);
			name = SwiftFb;
			productName = SwiftFb;
			productReference = 58DE41E91A5F25C000F66D3B /* SwiftFb.app */;
			productType = "com.apple.product-type.application";
		};
		58DE41FD1A5F25C000F66D3B /* SwiftFbTests */ = {
			isa = PBXNativeTarget;
			buildConfigurationList = 58DE420B1A5F25C000F66D3B /* Build configuration list for PBXNativeTarget "SwiftFbTests" */;
			buildPhases = (
				58DE41FA1A5F25C000F66D3B /* Sources */,
				58DE41FB1A5F25C000F66D3B /* Frameworks */,
				58DE41FC1A5F25C000F66D3B /* Resources */,
			);
			buildRules = (
			);
			dependencies = (
				58DE42001A5F25C000F66D3B /* PBXTargetDependency */,
			);
			name = SwiftFbTests;
			productName = SwiftFbTests;
			productReference = 58DE41FE1A5F25C000F66D3B /* SwiftFbTests.xctest */;
			productType = "com.apple.product-type.bundle.unit-test";
		};
/* End PBXNativeTarget section */

/* Begin PBXProject section */
		58DE41E11A5F25C000F66D3B /* Project object */ = {
			isa = PBXProject;
			attributes = {
				LastUpgradeCheck = 0610;
				ORGANIZATIONNAME = shivkanth;
				TargetAttributes = {
					58DE41E81A5F25C000F66D3B = {
						CreatedOnToolsVersion = 6.1.1;
					};
					58DE41FD1A5F25C000F66D3B = {
						CreatedOnToolsVersion = 6.1.1;
						TestTargetID = 58DE41E81A5F25C000F66D3B;
					};
				};
			};
			buildConfigurationList = 58DE41E41A5F25C000F66D3B /* Build configuration list for PBXProject "SwiftFb" */;
			compatibilityVersion = "Xcode 3.2";
			developmentRegion = English;
			hasScannedForEncodings = 0;
			knownRegions = (
				en,
				Base,
			);
			mainGroup = 58DE41E01A5F25C000F66D3B;
			productRefGroup = 58DE41EA1A5F25C000F66D3B /* Products */;
			projectDirPath = "";
			projectRoot = "";
			targets = (
				58DE41E81A5F25C000F66D3B /* SwiftFb */,
				58DE41FD1A5F25C000F66D3B /* SwiftFbTests */,
			);
		};
/* End PBXProject section */

/* Begin PBXResourcesBuildPhase section */
		58DE41E71A5F25C000F66D3B /* Resources */ = {
			isa = PBXResourcesBuildPhase;
			buildActionMask = 2147483647;
			files = (
				58DE41F41A5F25C000F66D3B /* Main.storyboard in Resources */,
				58DE41F91A5F25C000F66D3B /* LaunchScreen.xib in Resources */,
				58DE41F61A5F25C000F66D3B /* Images.xcassets in Resources */,
			);
			runOnlyForDeploymentPostprocessing = 0;
		};
		58DE41FC1A5F25C000F66D3B /* Resources */ = {
			isa = PBXResourcesBuildPhase;
			buildActionMask = 2147483647;
			files = (
			);
			runOnlyForDeploymentPostprocessing = 0;
		};
/* End PBXResourcesBuildPhase section */

/* Begin PBXSourcesBuildPhase section */
		58DE41E51A5F25C000F66D3B /* Sources */ = {
			isa = PBXSourcesBuildPhase;
			buildActionMask = 2147483647;
			files = (
				58DE41F11A5F25C000F66D3B /* ViewController.swift in Sources */,
				58DE41EF1A5F25C000F66D3B /* AppDelegate.swift in Sources */,
			);
			runOnlyForDeploymentPostprocessing = 0;
		};
		58DE41FA1A5F25C000F66D3B /* Sources */ = {
			isa = PBXSourcesBuildPhase;
			buildActionMask = 2147483647;
			files = (
				58DE42051A5F25C000F66D3B /* SwiftFbTests.swift in Sources */,
			);
			runOnlyForDeploymentPostprocessing = 0;
		};
/* End PBXSourcesBuildPhase section */

/* Begin PBXTargetDependency section */
		58DE42001A5F25C000F66D3B /* PBXTargetDependency */ = {
			isa = PBXTargetDependency;
			target = 58DE41E81A5F25C000F66D3B /* SwiftFb */;
			targetProxy = 58DE41FF1A5F25C000F66D3B /* PBXContainerItemProxy */;
		};
/* End PBXTargetDependency section */

/* Begin PBXVariantGroup section */
		58DE41F21A5F25C000F66D3B /* Main.storyboard */ = {
			isa = PBXVariantGroup;
			children = (
				58DE41F31A5F25C000F66D3B /* Base */,
			);
			name = Main.storyboard;
			sourceTree = "<group>";
		};
		58DE41F71A5F25C000F66D3B /* LaunchScreen.xib */ = {
			isa = PBXVariantGroup;
			children = (
				58DE41F81A5F25C000F66D3B /* Base */,
			);
			name = LaunchScreen.xib;
			sourceTree = "<group>";
		};
/* End PBXVariantGroup section */

/* Begin XCBuildConfiguration section */
		58DE42061A5F25C000F66D3B /* Debug */ = {
			isa = XCBuildConfiguration;
			buildSettings = {
				ALWAYS_SEARCH_USER_PATHS = NO;
				CLANG_CXX_LANGUAGE_STANDARD = "gnu++0x";
				CLANG_CXX_LIBRARY = "libc++";
				CLANG_ENABLE_MODULES = YES;
				CLANG_ENABLE_OBJC_ARC = YES;
				CLANG_WARN_BOOL_CONVERSION = YES;
				CLANG_WARN_CONSTANT_CONVERSION = YES;
				CLANG_WARN_DIRECT_OBJC_ISA_USAGE = YES_ERROR;
				CLANG_WARN_EMPTY_BODY = YES;
				CLANG_WARN_ENUM_CONVERSION = YES;
				CLANG_WARN_INT_CONVERSION = YES;
				CLANG_WARN_OBJC_ROOT_CLASS = YES_ERROR;
				CLANG_WARN_UNREACHABLE_CODE = YES;
				CLANG_WARN__DUPLICATE_METHOD_MATCH = YES;
				"CODE_SIGN_IDENTITY[sdk=iphoneos*]" = "iPhone Developer";
				COPY_PHASE_STRIP = NO;
				ENABLE_STRICT_OBJC_MSGSEND = YES;
				GCC_C_LANGUAGE_STANDARD = gnu99;
				GCC_DYNAMIC_NO_PIC = NO;
				GCC_OPTIMIZATION_LEVEL = 0;
				GCC_PREPROCESSOR_DEFINITIONS = (
					"DEBUG=1",
					"$(inherited)",
				);
				GCC_SYMBOLS_PRIVATE_EXTERN = NO;
				GCC_WARN_64_TO_32_BIT_CONVERSION = YES;
				GCC_WARN_ABOUT_RETURN_TYPE = YES_ERROR;
				GCC_WARN_UNDECLARED_SELECTOR = YES;
				GCC_WARN_UNINITIALIZED_AUTOS = YES_AGGRESSIVE;
				GCC_WARN_UNUSED_FUNCTION = YES;
				GCC_WARN_UNUSED_VARIABLE = YES;
				IPHONEOS_DEPLOYMENT_TARGET = 8.1;
				MTL_ENABLE_DEBUG_INFO = YES;
				ONLY_ACTIVE_ARCH = YES;
				SDKROOT = iphoneos;
				SWIFT_OPTIMIZATION_LEVEL = "-Onone";
			};
			name = Debug;
		};
		58DE42071A5F25C000F66D3B /* Release */ = {
			isa = XCBuildConfiguration;
			buildSettings = {
				ALWAYS_SEARCH_USER_PATHS = NO;
				CLANG_CXX_LANGUAGE_STANDARD = "gnu++0x";
				CLANG_CXX_LIBRARY = "libc++";
				CLANG_ENABLE_MODULES = YES;
				CLANG_ENABLE_OBJC_ARC = YES;
				CLANG_WARN_BOOL_CONVERSION = YES;
				CLANG_WARN_CONSTANT_CONVERSION = YES;
				CLANG_WARN_DIRECT_OBJC_ISA_USAGE = YES_ERROR;
				CLANG_WARN_EMPTY_BODY = YES;
				CLANG_WARN_ENUM_CONVERSION = YES;
				CLANG_WARN_INT_CONVERSION = YES;
				CLANG_WARN_OBJC_ROOT_CLASS = YES_ERROR;
				CLANG_WARN_UNREACHABLE_CODE = YES;
				CLANG_WARN__DUPLICATE_METHOD_MATCH = YES;
				"CODE_SIGN_IDENTITY[sdk=iphoneos*]" = "iPhone Developer";
				COPY_PHASE_STRIP = YES;
				ENABLE_NS_ASSERTIONS = NO;
				ENABLE_STRICT_OBJC_MSGSEND = YES;
				GCC_C_LANGUAGE_STANDARD = gnu99;
				GCC_WARN_64_TO_32_BIT_CONVERSION = YES;
				GCC_WARN_ABOUT_RETURN_TYPE = YES_ERROR;
				GCC_WARN_UNDECLARED_SELECTOR = YES;
				GCC_WARN_UNINITIALIZED_AUTOS = YES_AGGRESSIVE;
				GCC_WARN_UNUSED_FUNCTION = YES;
				GCC_WARN_UNUSED_VARIABLE = YES;
				IPHONEOS_DEPLOYMENT_TARGET = 8.1;
				MTL_ENABLE_DEBUG_INFO = NO;
				SDKROOT = iphoneos;
				VALIDATE_PRODUCT = YES;
			};
			name = Release;
		};
		58DE42091A5F25C000F66D3B /* Debug */ = {
			isa = XCBuildConfiguration;
			buildSettings = {
				ASSETCATALOG_COMPILER_APPICON_NAME = AppIcon;
				FRAMEWORK_SEARCH_PATHS = (
					"$(inherited)",
					/Users/shiv/Documents/FacebookSDK,
				);
				INFOPLIST_FILE = SwiftFb/Info.plist;
				LD_RUNPATH_SEARCH_PATHS = "$(inherited) @executable_path/Frameworks";
				PRODUCT_NAME = "$(TARGET_NAME)";
				SWIFT_OBJC_BRIDGING_HEADER = "SwiftFb/Bridge-header.h";
			};
			name = Debug;
		};
		58DE420A1A5F25C000F66D3B /* Release */ = {
			isa = XCBuildConfiguration;
			buildSettings = {
				ASSETCATALOG_COMPILER_APPICON_NAME = AppIcon;
				FRAMEWORK_SEARCH_PATHS = (
					"$(inherited)",
					/Users/shiv/Documents/FacebookSDK,
				);
				INFOPLIST_FILE = SwiftFb/Info.plist;
				LD_RUNPATH_SEARCH_PATHS = "$(inherited) @executable_path/Frameworks";
				PRODUCT_NAME = "$(TARGET_NAME)";
				SWIFT_OBJC_BRIDGING_HEADER = "SwiftFb/Bridge-header.h";
			};
			name = Release;
		};
		58DE420C1A5F25C000F66D3B /* Debug */ = {
			isa = XCBuildConfiguration;
			buildSettings = {
				BUNDLE_LOADER = "$(TEST_HOST)";
				FRAMEWORK_SEARCH_PATHS = (
					"$(SDKROOT)/Developer/Library/Frameworks",
					"$(inherited)",
				);
				GCC_PREPROCESSOR_DEFINITIONS = (
					"DEBUG=1",
					"$(inherited)",
				);
				INFOPLIST_FILE = SwiftFbTests/Info.plist;
				LD_RUNPATH_SEARCH_PATHS = "$(inherited) @executable_path/Frameworks @loader_path/Frameworks";
				PRODUCT_NAME = "$(TARGET_NAME)";
				TEST_HOST = "$(BUILT_PRODUCTS_DIR)/SwiftFb.app/SwiftFb";
			};
			name = Debug;
		};
		58DE420D1A5F25C000F66D3B /* Release */ = {
			isa = XCBuildConfiguration;
			buildSettings = {
				BUNDLE_LOADER = "$(TEST_HOST)";
				FRAMEWORK_SEARCH_PATHS = (
					"$(SDKROOT)/Developer/Library/Frameworks",
					"$(inherited)",
				);
				INFOPLIST_FILE = SwiftFbTests/Info.plist;
				LD_RUNPATH_SEARCH_PATHS = "$(inherited) @executable_path/Frameworks @loader_path/Frameworks";
				PRODUCT_NAME = "$(TARGET_NAME)";
				TEST_HOST = "$(BUILT_PRODUCTS_DIR)/SwiftFb.app/SwiftFb";
			};
			name = Release;
		};
/* End XCBuildConfiguration section */

/* Begin XCConfigurationList section */
		58DE41E41A5F25C000F66D3B /* Build configuration list for PBXProject "SwiftFb" */ = {
			isa = XCConfigurationList;
			buildConfigurations = (
				58DE42061A5F25C000F66D3B /* Debug */,
				58DE42071A5F25C000F66D3B /* Release */,
			);
			defaultConfigurationIsVisible = 0;
			defaultConfigurationName = Release;
		};
		58DE42081A5F25C000F66D3B /* Build configuration list for PBXNativeTarget "SwiftFb" */ = {
			isa = XCConfigurationList;
			buildConfigurations = (
				58DE42091A5F25C000F66D3B /* Debug */,
				58DE420A1A5F25C000F66D3B /* Release */,
			);
			defaultConfigurationIsVisible = 0;
		};
		58DE420B1A5F25C000F66D3B /* Build configuration list for PBXNativeTarget "SwiftFbTests" */ = {
			isa = XCConfigurationList;
			buildConfigurations = (
				58DE420C1A5F25C000F66D3B /* Debug */,
				58DE420D1A5F25C000F66D3B /* Release */,
			);
			defaultConfigurationIsVisible = 0;
		};
/* End XCConfigurationList section */
	};
	rootObject = 58DE41E11A5F25C000F66D3B /* Project object */;
}
